// !$*UTF8*$!
{
	archiveVersion = 1;
	classes = {
	};
	objectVersion = 50;
	objects = {

/* Begin PBXBuildFile section */
		FB374A8A230E27B90090007B /* GradientView.swift in Sources */ = {isa = PBXBuildFile; fileRef = FB374A89230E27B90090007B /* GradientView.swift */; };
		FB655E822313746900C5B4BE /* SettingViewController.swift in Sources */ = {isa = PBXBuildFile; fileRef = FB655E812313746900C5B4BE /* SettingViewController.swift */; };
		FB655E8623173CB700C5B4BE /* DropDownButton.swift in Sources */ = {isa = PBXBuildFile; fileRef = FB655E8523173CB700C5B4BE /* DropDownButton.swift */; };
		FB655E882317705600C5B4BE /* textView.swift in Sources */ = {isa = PBXBuildFile; fileRef = FB655E872317705600C5B4BE /* textView.swift */; };
		FBFA4301230D0D63001D3843 /* AppDelegate.swift in Sources */ = {isa = PBXBuildFile; fileRef = FBFA4300230D0D63001D3843 /* AppDelegate.swift */; };
		FBFA4303230D0D63001D3843 /* ViewController.swift in Sources */ = {isa = PBXBuildFile; fileRef = FBFA4302230D0D63001D3843 /* ViewController.swift */; };
		FBFA4306230D0D63001D3843 /* Main.storyboard in Resources */ = {isa = PBXBuildFile; fileRef = FBFA4304230D0D63001D3843 /* Main.storyboard */; };
		FBFA4308230D0D64001D3843 /* Assets.xcassets in Resources */ = {isa = PBXBuildFile; fileRef = FBFA4307230D0D64001D3843 /* Assets.xcassets */; };
		FBFA430B230D0D64001D3843 /* LaunchScreen.storyboard in Resources */ = {isa = PBXBuildFile; fileRef = FBFA4309230D0D64001D3843 /* LaunchScreen.storyboard */; };
		FBFA4316230D0D64001D3843 /* tippyTests.swift in Sources */ = {isa = PBXBuildFile; fileRef = FBFA4315230D0D64001D3843 /* tippyTests.swift */; };
		FBFA4321230D0D64001D3843 /* tippyUITests.swift in Sources */ = {isa = PBXBuildFile; fileRef = FBFA4320230D0D64001D3843 /* tippyUITests.swift */; };
/* End PBXBuildFile section */

/* Begin PBXContainerItemProxy section */
		FBFA4312230D0D64001D3843 /* PBXContainerItemProxy */ = {
			isa = PBXContainerItemProxy;
			containerPortal = FBFA42F5230D0D63001D3843 /* Project object */;
			proxyType = 1;
			remoteGlobalIDString = FBFA42FC230D0D63001D3843;
			remoteInfo = tippy;
		};
		FBFA431D230D0D64001D3843 /* PBXContainerItemProxy */ = {
			isa = PBXContainerItemProxy;
			containerPortal = FBFA42F5230D0D63001D3843 /* Project object */;
			proxyType = 1;
			remoteGlobalIDString = FBFA42FC230D0D63001D3843;
			remoteInfo = tippy;
		};
/* End PBXContainerItemProxy section */

/* Begin PBXFileReference section */
		FB374A89230E27B90090007B /* GradientView.swift */ = {isa = PBXFileReference; lastKnownFileType = sourcecode.swift; path = GradientView.swift; sourceTree = "<group>"; };
		FB655E812313746900C5B4BE /* SettingViewController.swift */ = {isa = PBXFileReference; lastKnownFileType = sourcecode.swift; path = SettingViewController.swift; sourceTree = "<group>"; };
		FB655E8523173CB700C5B4BE /* DropDownButton.swift */ = {isa = PBXFileReference; lastKnownFileType = sourcecode.swift; path = DropDownButton.swift; sourceTree = "<group>"; };
		FB655E872317705600C5B4BE /* textView.swift */ = {isa = PBXFileReference; lastKnownFileType = sourcecode.swift; path = textView.swift; sourceTree = "<group>"; };
		FBFA42FD230D0D63001D3843 /* tippy.app */ = {isa = PBXFileReference; explicitFileType = wrapper.application; includeInIndex = 0; path = tippy.app; sourceTree = BUILT_PRODUCTS_DIR; };
		FBFA4300230D0D63001D3843 /* AppDelegate.swift */ = {isa = PBXFileReference; lastKnownFileType = sourcecode.swift; path = AppDelegate.swift; sourceTree = "<group>"; };
		FBFA4302230D0D63001D3843 /* ViewController.swift */ = {isa = PBXFileReference; lastKnownFileType = sourcecode.swift; path = ViewController.swift; sourceTree = "<group>"; };
		FBFA4305230D0D63001D3843 /* Base */ = {isa = PBXFileReference; lastKnownFileType = file.storyboard; name = Base; path = Base.lproj/Main.storyboard; sourceTree = "<group>"; };
		FBFA4307230D0D64001D3843 /* Assets.xcassets */ = {isa = PBXFileReference; lastKnownFileType = folder.assetcatalog; path = Assets.xcassets; sourceTree = "<group>"; };
		FBFA430A230D0D64001D3843 /* Base */ = {isa = PBXFileReference; lastKnownFileType = file.storyboard; name = Base; path = Base.lproj/LaunchScreen.storyboard; sourceTree = "<group>"; };
		FBFA430C230D0D64001D3843 /* Info.plist */ = {isa = PBXFileReference; lastKnownFileType = text.plist.xml; path = Info.plist; sourceTree = "<group>"; };
		FBFA4311230D0D64001D3843 /* tippyTests.xctest */ = {isa = PBXFileReference; explicitFileType = wrapper.cfbundle; includeInIndex = 0; path = tippyTests.xctest; sourceTree = BUILT_PRODUCTS_DIR; };
		FBFA4315230D0D64001D3843 /* tippyTests.swift */ = {isa = PBXFileReference; lastKnownFileType = sourcecode.swift; path = tippyTests.swift; sourceTree = "<group>"; };
		FBFA4317230D0D64001D3843 /* Info.plist */ = {isa = PBXFileReference; lastKnownFileType = text.plist.xml; path = Info.plist; sourceTree = "<group>"; };
		FBFA431C230D0D64001D3843 /* tippyUITests.xctest */ = {isa = PBXFileReference; explicitFileType = wrapper.cfbundle; includeInIndex = 0; path = tippyUITests.xctest; sourceTree = BUILT_PRODUCTS_DIR; };
		FBFA4320230D0D64001D3843 /* tippyUITests.swift */ = {isa = PBXFileReference; lastKnownFileType = sourcecode.swift; path = tippyUITests.swift; sourceTree = "<group>"; };
		FBFA4322230D0D64001D3843 /* Info.plist */ = {isa = PBXFileReference; lastKnownFileType = text.plist.xml; path = Info.plist; sourceTree = "<group>"; };
/* End PBXFileReference section */

/* Begin PBXFrameworksBuildPhase section */
		FBFA42FA230D0D63001D3843 /* Frameworks */ = {
			isa = PBXFrameworksBuildPhase;
			buildActionMask = 2147483647;
			files = (
			);
			runOnlyForDeploymentPostprocessing = 0;
		};
		FBFA430E230D0D64001D3843 /* Frameworks */ = {
			isa = PBXFrameworksBuildPhase;
			buildActionMask = 2147483647;
			files = (
			);
			runOnlyForDeploymentPostprocessing = 0;
		};
		FBFA4319230D0D64001D3843 /* Frameworks */ = {
			isa = PBXFrameworksBuildPhase;
			buildActionMask = 2147483647;
			files = (
			);
			runOnlyForDeploymentPostprocessing = 0;
		};
/* End PBXFrameworksBuildPhase section */

/* Begin PBXGroup section */
		FBFA42F4230D0D63001D3843 = {
			isa = PBXGroup;
			children = (
				FBFA42FF230D0D63001D3843 /* tippy */,
				FBFA4314230D0D64001D3843 /* tippyTests */,
				FBFA431F230D0D64001D3843 /* tippyUITests */,
				FBFA42FE230D0D63001D3843 /* Products */,
			);
			sourceTree = "<group>";
		};
		FBFA42FE230D0D63001D3843 /* Products */ = {
			isa = PBXGroup;
			children = (
				FBFA42FD230D0D63001D3843 /* tippy.app */,
				FBFA4311230D0D64001D3843 /* tippyTests.xctest */,
				FBFA431C230D0D64001D3843 /* tippyUITests.xctest */,
			);
			name = Products;
			sourceTree = "<group>";
		};
		FBFA42FF230D0D63001D3843 /* tippy */ = {
			isa = PBXGroup;
			children = (
				FB655E812313746900C5B4BE /* SettingViewController.swift */,
				FBFA4300230D0D63001D3843 /* AppDelegate.swift */,
				FBFA4302230D0D63001D3843 /* ViewController.swift */,
				FB655E8523173CB700C5B4BE /* DropDownButton.swift */,
				FBFA4304230D0D63001D3843 /* Main.storyboard */,
				FB374A89230E27B90090007B /* GradientView.swift */,
				FB655E872317705600C5B4BE /* textView.swift */,
				FBFA4307230D0D64001D3843 /* Assets.xcassets */,
				FBFA4309230D0D64001D3843 /* LaunchScreen.storyboard */,
				FBFA430C230D0D64001D3843 /* Info.plist */,
			);
			path = tippy;
			sourceTree = "<group>";
		};
		FBFA4314230D0D64001D3843 /* tippyTests */ = {
			isa = PBXGroup;
			children = (
				FBFA4315230D0D64001D3843 /* tippyTests.swift */,
				FBFA4317230D0D64001D3843 /* Info.plist */,
			);
			path = tippyTests;
			sourceTree = "<group>";
		};
		FBFA431F230D0D64001D3843 /* tippyUITests */ = {
			isa = PBXGroup;
			children = (
				FBFA4320230D0D64001D3843 /* tippyUITests.swift */,
				FBFA4322230D0D64001D3843 /* Info.plist */,
			);
			path = tippyUITests;
			sourceTree = "<group>";
		};
/* End PBXGroup section */

/* Begin PBXNativeTarget section */
		FBFA42FC230D0D63001D3843 /* tippy */ = {
			isa = PBXNativeTarget;
			buildConfigurationList = FBFA4325230D0D64001D3843 /* Build configuration list for PBXNativeTarget "tippy" */;
			buildPhases = (
				FBFA42F9230D0D63001D3843 /* Sources */,
				FBFA42FA230D0D63001D3843 /* Frameworks */,
				FBFA42FB230D0D63001D3843 /* Resources */,
			);
			buildRules = (
			);
			dependencies = (
			);
			name = tippy;
			productName = tippy;
			productReference = FBFA42FD230D0D63001D3843 /* tippy.app */;
			productType = "com.apple.product-type.application";
		};
		FBFA4310230D0D64001D3843 /* tippyTests */ = {
			isa = PBXNativeTarget;
			buildConfigurationList = FBFA4328230D0D64001D3843 /* Build configuration list for PBXNativeTarget "tippyTests" */;
			buildPhases = (
				FBFA430D230D0D64001D3843 /* Sources */,
				FBFA430E230D0D64001D3843 /* Frameworks */,
				FBFA430F230D0D64001D3843 /* Resources */,
			);
			buildRules = (
			);
			dependencies = (
				FBFA4313230D0D64001D3843 /* PBXTargetDependency */,
			);
			name = tippyTests;
			productName = tippyTests;
			productReference = FBFA4311230D0D64001D3843 /* tippyTests.xctest */;
			productType = "com.apple.product-type.bundle.unit-test";
		};
		FBFA431B230D0D64001D3843 /* tippyUITests */ = {
			isa = PBXNativeTarget;
			buildConfigurationList = FBFA432B230D0D64001D3843 /* Build configuration list for PBXNativeTarget "tippyUITests" */;
			buildPhases = (
				FBFA4318230D0D64001D3843 /* Sources */,
				FBFA4319230D0D64001D3843 /* Frameworks */,
				FBFA431A230D0D64001D3843 /* Resources */,
			);
			buildRules = (
			);
			dependencies = (
				FBFA431E230D0D64001D3843 /* PBXTargetDependency */,
			);
			name = tippyUITests;
			productName = tippyUITests;
			productReference = FBFA431C230D0D64001D3843 /* tippyUITests.xctest */;
			productType = "com.apple.product-type.bundle.ui-testing";
		};
/* End PBXNativeTarget section */

/* Begin PBXProject section */
		FBFA42F5230D0D63001D3843 /* Project object */ = {
			isa = PBXProject;
			attributes = {
				LastSwiftUpdateCheck = 1030;
				LastUpgradeCheck = 1030;
				ORGANIZATIONNAME = "John Yu";
				TargetAttributes = {
					FBFA42FC230D0D63001D3843 = {
						CreatedOnToolsVersion = 10.3;
					};
					FBFA4310230D0D64001D3843 = {
						CreatedOnToolsVersion = 10.3;
						TestTargetID = FBFA42FC230D0D63001D3843;
					};
					FBFA431B230D0D64001D3843 = {
						CreatedOnToolsVersion = 10.3;
						TestTargetID = FBFA42FC230D0D63001D3843;
					};
				};
			};
			buildConfigurationList = FBFA42F8230D0D63001D3843 /* Build configuration list for PBXProject "tippy" */;
			compatibilityVersion = "Xcode 9.3";
			developmentRegion = en;
			hasScannedForEncodings = 0;
			knownRegions = (
				en,
				Base,
			);
			mainGroup = FBFA42F4230D0D63001D3843;
			productRefGroup = FBFA42FE230D0D63001D3843 /* Products */;
			projectDirPath = "";
			projectRoot = "";
			targets = (
				FBFA42FC230D0D63001D3843 /* tippy */,
				FBFA4310230D0D64001D3843 /* tippyTests */,
				FBFA431B230D0D64001D3843 /* tippyUITests */,
			);
		};
/* End PBXProject section */

/* Begin PBXResourcesBuildPhase section */
		FBFA42FB230D0D63001D3843 /* Resources */ = {
			isa = PBXResourcesBuildPhase;
			buildActionMask = 2147483647;
			files = (
				FBFA430B230D0D64001D3843 /* LaunchScreen.storyboard in Resources */,
				FBFA4308230D0D64001D3843 /* Assets.xcassets in Resources */,
				FBFA4306230D0D63001D3843 /* Main.storyboard in Resources */,
			);
			runOnlyForDeploymentPostprocessing = 0;
		};
		FBFA430F230D0D64001D3843 /* Resources */ = {
			isa = PBXResourcesBuildPhase;
			buildActionMask = 2147483647;
			files = (
			);
			runOnlyForDeploymentPostprocessing = 0;
		};
		FBFA431A230D0D64001D3843 /* Resources */ = {
			isa = PBXResourcesBuildPhase;
			buildActionMask = 2147483647;
			files = (
			);
			runOnlyForDeploymentPostprocessing = 0;
		};
/* End PBXResourcesBuildPhase section */

/* Begin PBXSourcesBuildPhase section */
		FBFA42F9230D0D63001D3843 /* Sources */ = {
			isa = PBXSourcesBuildPhase;
			buildActionMask = 2147483647;
			files = (
				FB655E8623173CB700C5B4BE /* DropDownButton.swift in Sources */,
				FBFA4303230D0D63001D3843 /* ViewController.swift in Sources */,
				FBFA4301230D0D63001D3843 /* AppDelegate.swift in Sources */,
				FB374A8A230E27B90090007B /* GradientView.swift in Sources */,
				FB655E822313746900C5B4BE /* SettingViewController.swift in Sources */,
				FB655E882317705600C5B4BE /* textView.swift in Sources */,
			);
			runOnlyForDeploymentPostprocessing = 0;
		};
		FBFA430D230D0D64001D3843 /* Sources */ = {
			isa = PBXSourcesBuildPhase;
			buildActionMask = 2147483647;
			files = (
				FBFA4316230D0D64001D3843 /* tippyTests.swift in Sources */,
			);
			runOnlyForDeploymentPostprocessing = 0;
		};
		FBFA4318230D0D64001D3843 /* Sources */ = {
			isa = PBXSourcesBuildPhase;
			buildActionMask = 2147483647;
			files = (
				FBFA4321230D0D64001D3843 /* tippyUITests.swift in Sources */,
			);
			runOnlyForDeploymentPostprocessing = 0;
		};
/* End PBXSourcesBuildPhase section */

/* Begin PBXTargetDependency section */
		FBFA4313230D0D64001D3843 /* PBXTargetDependency */ = {
			isa = PBXTargetDependency;
			target = FBFA42FC230D0D63001D3843 /* tippy */;
			targetProxy = FBFA4312230D0D64001D3843 /* PBXContainerItemProxy */;
		};
		FBFA431E230D0D64001D3843 /* PBXTargetDependency */ = {
			isa = PBXTargetDependency;
			target = FBFA42FC230D0D63001D3843 /* tippy */;
			targetProxy = FBFA431D230D0D64001D3843 /* PBXContainerItemProxy */;
		};
/* End PBXTargetDependency section */

/* Begin PBXVariantGroup section */
		FBFA4304230D0D63001D3843 /* Main.storyboard */ = {
			isa = PBXVariantGroup;
			children = (
				FBFA4305230D0D63001D3843 /* Base */,
			);
			name = Main.storyboard;
			sourceTree = "<group>";
		};
		FBFA4309230D0D64001D3843 /* LaunchScreen.storyboard */ = {
			isa = PBXVariantGroup;
			children = (
				FBFA430A230D0D64001D3843 /* Base */,
			);
			name = LaunchScreen.storyboard;
			sourceTree = "<group>";
		};
/* End PBXVariantGroup section */

/* Begin XCBuildConfiguration section */
		FBFA4323230D0D64001D3843 /* Debug */ = {
			isa = XCBuildConfiguration;
			buildSettings = {
				ALWAYS_SEARCH_USER_PATHS = NO;
				CLANG_ANALYZER_NONNULL = YES;
				CLANG_ANALYZER_NUMBER_OBJECT_CONVERSION = YES_AGGRESSIVE;
				CLANG_CXX_LANGUAGE_STANDARD = "gnu++14";
				CLANG_CXX_LIBRARY = "libc++";
				CLANG_ENABLE_MODULES = YES;
				CLANG_ENABLE_OBJC_ARC = YES;
				CLANG_ENABLE_OBJC_WEAK = YES;
				CLANG_WARN_BLOCK_CAPTURE_AUTORELEASING = YES;
				CLANG_WARN_BOOL_CONVERSION = YES;
				CLANG_WARN_COMMA = YES;
				CLANG_WARN_CONSTANT_CONVERSION = YES;
				CLANG_WARN_DEPRECATED_OBJC_IMPLEMENTATIONS = YES;
				CLANG_WARN_DIRECT_OBJC_ISA_USAGE = YES_ERROR;
				CLANG_WARN_DOCUMENTATION_COMMENTS = YES;
				CLANG_WARN_EMPTY_BODY = YES;
				CLANG_WARN_ENUM_CONVERSION = YES;
				CLANG_WARN_INFINITE_RECURSION = YES;
				CLANG_WARN_INT_CONVERSION = YES;
				CLANG_WARN_NON_LITERAL_NULL_CONVERSION = YES;
				CLANG_WARN_OBJC_IMPLICIT_RETAIN_SELF = YES;
				CLANG_WARN_OBJC_LITERAL_CONVERSION = YES;
				CLANG_WARN_OBJC_ROOT_CLASS = YES_ERROR;
				CLANG_WARN_RANGE_LOOP_ANALYSIS = YES;
				CLANG_WARN_STRICT_PROTOTYPES = YES;
				CLANG_WARN_SUSPICIOUS_MOVE = YES;
				CLANG_WARN_UNGUARDED_AVAILABILITY = YES_AGGRESSIVE;
				CLANG_WARN_UNREACHABLE_CODE = YES;
				CLANG_WARN__DUPLICATE_METHOD_MATCH = YES;
				CODE_SIGN_IDENTITY = "iPhone Developer";
				COPY_PHASE_STRIP = NO;
				DEBUG_INFORMATION_FORMAT = dwarf;
				ENABLE_STRICT_OBJC_MSGSEND = YES;
				ENABLE_TESTABILITY = YES;
				GCC_C_LANGUAGE_STANDARD = gnu11;
				GCC_DYNAMIC_NO_PIC = NO;
				GCC_NO_COMMON_BLOCKS = YES;
				GCC_OPTIMIZATION_LEVEL = 0;
				GCC_PREPROCESSOR_DEFINITIONS = (
					"DEBUG=1",
					"$(inherited)",
				);
				GCC_WARN_64_TO_32_BIT_CONVERSION = YES;
				GCC_WARN_ABOUT_RETURN_TYPE = YES_ERROR;
				GCC_WARN_UNDECLARED_SELECTOR = YES;
				GCC_WARN_UNINITIALIZED_AUTOS = YES_AGGRESSIVE;
				GCC_WARN_UNUSED_FUNCTION = YES;
				GCC_WARN_UNUSED_VARIABLE = YES;
				IPHONEOS_DEPLOYMENT_TARGET = 12.4;
				MTL_ENABLE_DEBUG_INFO = INCLUDE_SOURCE;
				MTL_FAST_MATH = YES;
				ONLY_ACTIVE_ARCH = YES;
				SDKROOT = iphoneos;
				SWIFT_ACTIVE_COMPILATION_CONDITIONS = DEBUG;
				SWIFT_OPTIMIZATION_LEVEL = "-Onone";
			};
			name = Debug;
		};
		FBFA4324230D0D64001D3843 /* Release */ = {
			isa = XCBuildConfiguration;
			buildSettings = {
				ALWAYS_SEARCH_USER_PATHS = NO;
				CLANG_ANALYZER_NONNULL = YES;
				CLANG_ANALYZER_NUMBER_OBJECT_CONVERSION = YES_AGGRESSIVE;
				CLANG_CXX_LANGUAGE_STANDARD = "gnu++14";
				CLANG_CXX_LIBRARY = "libc++";
				CLANG_ENABLE_MODULES = YES;
				CLANG_ENABLE_OBJC_ARC = YES;
				CLANG_ENABLE_OBJC_WEAK = YES;
				CLANG_WARN_BLOCK_CAPTURE_AUTORELEASING = YES;
				CLANG_WARN_BOOL_CONVERSION = YES;
				CLANG_WARN_COMMA = YES;
				CLANG_WARN_CONSTANT_CONVERSION = YES;
				CLANG_WARN_DEPRECATED_OBJC_IMPLEMENTATIONS = YES;
				CLANG_WARN_DIRECT_OBJC_ISA_USAGE = YES_ERROR;
				CLANG_WARN_DOCUMENTATION_COMMENTS = YES;
				CLANG_WARN_EMPTY_BODY = YES;
				CLANG_WARN_ENUM_CONVERSION = YES;
				CLANG_WARN_INFINITE_RECURSION = YES;
				CLANG_WARN_INT_CONVERSION = YES;
				CLANG_WARN_NON_LITERAL_NULL_CONVERSION = YES;
				CLANG_WARN_OBJC_IMPLICIT_RETAIN_SELF = YES;
				CLANG_WARN_OBJC_LITERAL_CONVERSION = YES;
				CLANG_WARN_OBJC_ROOT_CLASS = YES_ERROR;
				CLANG_WARN_RANGE_LOOP_ANALYSIS = YES;
				CLANG_WARN_STRICT_PROTOTYPES = YES;
				CLANG_WARN_SUSPICIOUS_MOVE = YES;
				CLANG_WARN_UNGUARDED_AVAILABILITY = YES_AGGRESSIVE;
				CLANG_WARN_UNREACHABLE_CODE = YES;
				CLANG_WARN__DUPLICATE_METHOD_MATCH = YES;
				CODE_SIGN_IDENTITY = "iPhone Developer";
				COPY_PHASE_STRIP = NO;
				DEBUG_INFORMATION_FORMAT = "dwarf-with-dsym";
				ENABLE_NS_ASSERTIONS = NO;
				ENABLE_STRICT_OBJC_MSGSEND = YES;
				GCC_C_LANGUAGE_STANDARD = gnu11;
				GCC_NO_COMMON_BLOCKS = YES;
				GCC_WARN_64_TO_32_BIT_CONVERSION = YES;
				GCC_WARN_ABOUT_RETURN_TYPE = YES_ERROR;
				GCC_WARN_UNDECLARED_SELECTOR = YES;
				GCC_WARN_UNINITIALIZED_AUTOS = YES_AGGRESSIVE;
				GCC_WARN_UNUSED_FUNCTION = YES;
				GCC_WARN_UNUSED_VARIABLE = YES;
				IPHONEOS_DEPLOYMENT_TARGET = 12.4;
				MTL_ENABLE_DEBUG_INFO = NO;
				MTL_FAST_MATH = YES;
				SDKROOT = iphoneos;
				SWIFT_COMPILATION_MODE = wholemodule;
				SWIFT_OPTIMIZATION_LEVEL = "-O";
				VALIDATE_PRODUCT = YES;
			};
			name = Release;
		};
		FBFA4326230D0D64001D3843 /* Debug */ = {
			isa = XCBuildConfiguration;
			buildSettings = {
				ASSETCATALOG_COMPILER_APPICON_NAME = AppIcon;
				CODE_SIGN_STYLE = Automatic;
				DEVELOPMENT_TEAM = GGSPT8ZSD3;
				INFOPLIST_FILE = tippy/Info.plist;
				IPHONEOS_DEPLOYMENT_TARGET = 12.4;
				LD_RUNPATH_SEARCH_PATHS = (
					"$(inherited)",
					"@executable_path/Frameworks",
				);
				PRODUCT_BUNDLE_IDENTIFIER = "Johno-Inc..tippy";
				PRODUCT_NAME = "$(TARGET_NAME)";
				SWIFT_VERSION = 5.0;
				TARGETED_DEVICE_FAMILY = "1,2";
			};
			name = Debug;
		};
		FBFA4327230D0D64001D3843 /* Release */ = {
			isa = XCBuildConfiguration;
			buildSettings = {
				ASSETCATALOG_COMPILER_APPICON_NAME = AppIcon;
				CODE_SIGN_STYLE = Automatic;
				DEVELOPMENT_TEAM = GGSPT8ZSD3;
				INFOPLIST_FILE = tippy/Info.plist;
				IPHONEOS_DEPLOYMENT_TARGET = 12.4;
				LD_RUNPATH_SEARCH_PATHS = (
					"$(inherited)",
					"@executable_path/Frameworks",
				);
				PRODUCT_BUNDLE_IDENTIFIER = "Johno-Inc..tippy";
				PRODUCT_NAME = "$(TARGET_NAME)";
				SWIFT_VERSION = 5.0;
				TARGETED_DEVICE_FAMILY = "1,2";
			};
			name = Release;
		};
		FBFA4329230D0D64001D3843 /* Debug */ = {
			isa = XCBuildConfiguration;
			buildSettings = {
				ALWAYS_EMBED_SWIFT_STANDARD_LIBRARIES = YES;
				BUNDLE_LOADER = "$(TEST_HOST)";
				CODE_SIGN_STYLE = Automatic;
				INFOPLIST_FILE = tippyTests/Info.plist;
				LD_RUNPATH_SEARCH_PATHS = (
					"$(inherited)",
					"@executable_path/Frameworks",
					"@loader_path/Frameworks",
				);
				PRODUCT_BUNDLE_IDENTIFIER = "Johno-Inc..tippyTests";
				PRODUCT_NAME = "$(TARGET_NAME)";
				SWIFT_VERSION = 5.0;
				TARGETED_DEVICE_FAMILY = "1,2";
				TEST_HOST = "$(BUILT_PRODUCTS_DIR)/tippy.app/tippy";
			};
			name = Debug;
		};
		FBFA432A230D0D64001D3843 /* Release */ = {
			isa = XCBuildConfiguration;
			buildSettings = {
				ALWAYS_EMBED_SWIFT_STANDARD_LIBRARIES = YES;
				BUNDLE_LOADER = "$(TEST_HOST)";
				CODE_SIGN_STYLE = Automatic;
				INFOPLIST_FILE = tippyTests/Info.plist;
				LD_RUNPATH_SEARCH_PATHS = (
					"$(inherited)",
					"@executable_path/Frameworks",
					"@loader_path/Frameworks",
				);
				PRODUCT_BUNDLE_IDENTIFIER = "Johno-Inc..tippyTests";
				PRODUCT_NAME = "$(TARGET_NAME)";
				SWIFT_VERSION = 5.0;
				TARGETED_DEVICE_FAMILY = "1,2";
				TEST_HOST = "$(BUILT_PRODUCTS_DIR)/tippy.app/tippy";
			};
			name = Release;
		};
		FBFA432C230D0D64001D3843 /* Debug */ = {
			isa = XCBuildConfiguration;
			buildSettings = {
				ALWAYS_EMBED_SWIFT_STANDARD_LIBRARIES = YES;
				CODE_SIGN_STYLE = Automatic;
				INFOPLIST_FILE = tippyUITests/Info.plist;
				LD_RUNPATH_SEARCH_PATHS = (
					"$(inherited)",
					"@executable_path/Frameworks",
					"@loader_path/Frameworks",
				);
				PRODUCT_BUNDLE_IDENTIFIER = "Johno-Inc..tippyUITests";
				PRODUCT_NAME = "$(TARGET_NAME)";
				SWIFT_VERSION = 5.0;
				TARGETED_DEVICE_FAMILY = "1,2";
				TEST_TARGET_NAME = tippy;
			};
			name = Debug;
		};
		FBFA432D230D0D64001D3843 /* Release */ = {
			isa = XCBuildConfiguration;
			buildSettings = {
				ALWAYS_EMBED_SWIFT_STANDARD_LIBRARIES = YES;
				CODE_SIGN_STYLE = Automatic;
				INFOPLIST_FILE = tippyUITests/Info.plist;
				LD_RUNPATH_SEARCH_PATHS = (
					"$(inherited)",
					"@executable_path/Frameworks",
					"@loader_path/Frameworks",
				);
				PRODUCT_BUNDLE_IDENTIFIER = "Johno-Inc..tippyUITests";
				PRODUCT_NAME = "$(TARGET_NAME)";
				SWIFT_VERSION = 5.0;
				TARGETED_DEVICE_FAMILY = "1,2";
				TEST_TARGET_NAME = tippy;
			};
			name = Release;
		};
/* End XCBuildConfiguration section */

/* Begin XCConfigurationList section */
		FBFA42F8230D0D63001D3843 /* Build configuration list for PBXProject "tippy" */ = {
			isa = XCConfigurationList;
			buildConfigurations = (
				FBFA4323230D0D64001D3843 /* Debug */,
				FBFA4324230D0D64001D3843 /* Release */,
			);
			defaultConfigurationIsVisible = 0;
			defaultConfigurationName = Release;
		};
		FBFA4325230D0D64001D3843 /* Build configuration list for PBXNativeTarget "tippy" */ = {
			isa = XCConfigurationList;
			buildConfigurations = (
				FBFA4326230D0D64001D3843 /* Debug */,
				FBFA4327230D0D64001D3843 /* Release */,
			);
			defaultConfigurationIsVisible = 0;
			defaultConfigurationName = Release;
		};
		FBFA4328230D0D64001D3843 /* Build configuration list for PBXNativeTarget "tippyTests" */ = {
			isa = XCConfigurationList;
			buildConfigurations = (
				FBFA4329230D0D64001D3843 /* Debug */,
				FBFA432A230D0D64001D3843 /* Release */,
			);
			defaultConfigurationIsVisible = 0;
			defaultConfigurationName = Release;
		};
		FBFA432B230D0D64001D3843 /* Build configuration list for PBXNativeTarget "tippyUITests" */ = {
			isa = XCConfigurationList;
			buildConfigurations = (
				FBFA432C230D0D64001D3843 /* Debug */,
				FBFA432D230D0D64001D3843 /* Release */,
			);
			defaultConfigurationIsVisible = 0;
			defaultConfigurationName = Release;
		};
/* End XCConfigurationList section */
	};
	rootObject = FBFA42F5230D0D63001D3843 /* Project object */;
}
